// !$*UTF8*$!
{
	archiveVersion = 1;
	classes = {
	};
	objectVersion = 46;
	objects = {

/* Begin PBXBuildFile section */
		4C57527D1D3D61A3009FB404 /* SettingsView.swift in Sources */ = {isa = PBXBuildFile; fileRef = 4C57527C1D3D61A3009FB404 /* SettingsView.swift */; settings = {ASSET_TAGS = (); }; };
		4C5C33781D35594B00FF4387 /* AppDelegate.swift in Sources */ = {isa = PBXBuildFile; fileRef = 4C5C33771D35594B00FF4387 /* AppDelegate.swift */; };
		4C5C337A1D35594B00FF4387 /* ViewController.swift in Sources */ = {isa = PBXBuildFile; fileRef = 4C5C33791D35594B00FF4387 /* ViewController.swift */; };
		4C5C337D1D35594B00FF4387 /* Main.storyboard in Resources */ = {isa = PBXBuildFile; fileRef = 4C5C337B1D35594B00FF4387 /* Main.storyboard */; };
		4C5C337F1D35594B00FF4387 /* Assets.xcassets in Resources */ = {isa = PBXBuildFile; fileRef = 4C5C337E1D35594B00FF4387 /* Assets.xcassets */; };
		4C5C33821D35594B00FF4387 /* LaunchScreen.storyboard in Resources */ = {isa = PBXBuildFile; fileRef = 4C5C33801D35594B00FF4387 /* LaunchScreen.storyboard */; };
		4C6527051D467D9900616324 /* newColorPacketViewController.swift in Sources */ = {isa = PBXBuildFile; fileRef = 4C6527041D467D9900616324 /* newColorPacketViewController.swift */; settings = {ASSET_TAGS = (); }; };
		4C65270D1D47E87900616324 /* SecondTableViewController.swift in Sources */ = {isa = PBXBuildFile; fileRef = 4C65270C1D47E87900616324 /* SecondTableViewController.swift */; settings = {ASSET_TAGS = (); }; };
		4C65270F1D47FCCF00616324 /* ColorsTableViewController.swift in Sources */ = {isa = PBXBuildFile; fileRef = 4C65270E1D47FCCF00616324 /* ColorsTableViewController.swift */; settings = {ASSET_TAGS = (); }; };
		4C6527111D48196100616324 /* AddColorToCurrentPacket.swift in Sources */ = {isa = PBXBuildFile; fileRef = 4C6527101D48196100616324 /* AddColorToCurrentPacket.swift */; settings = {ASSET_TAGS = (); }; };
		4CAC67051D36E6A900FE51D5 /* TableViewController.swift in Sources */ = {isa = PBXBuildFile; fileRef = 4CAC67041D36E6A900FE51D5 /* TableViewController.swift */; settings = {ASSET_TAGS = (); }; };
/* End PBXBuildFile section */

/* Begin PBXFileReference section */
		4C57527C1D3D61A3009FB404 /* SettingsView.swift */ = {isa = PBXFileReference; fileEncoding = 4; lastKnownFileType = sourcecode.swift; path = SettingsView.swift; sourceTree = "<group>"; };
		4C5C33741D35594B00FF4387 /* NightLight.app */ = {isa = PBXFileReference; explicitFileType = wrapper.application; includeInIndex = 0; path = NightLight.app; sourceTree = BUILT_PRODUCTS_DIR; };
		4C5C33771D35594B00FF4387 /* AppDelegate.swift */ = {isa = PBXFileReference; lastKnownFileType = sourcecode.swift; path = AppDelegate.swift; sourceTree = "<group>"; };
		4C5C33791D35594B00FF4387 /* ViewController.swift */ = {isa = PBXFileReference; lastKnownFileType = sourcecode.swift; path = ViewController.swift; sourceTree = "<group>"; };
		4C5C337C1D35594B00FF4387 /* Base */ = {isa = PBXFileReference; lastKnownFileType = file.storyboard; name = Base; path = Base.lproj/Main.storyboard; sourceTree = "<group>"; };
		4C5C337E1D35594B00FF4387 /* Assets.xcassets */ = {isa = PBXFileReference; lastKnownFileType = folder.assetcatalog; path = Assets.xcassets; sourceTree = "<group>"; };
		4C5C33811D35594B00FF4387 /* Base */ = {isa = PBXFileReference; lastKnownFileType = file.storyboard; name = Base; path = Base.lproj/LaunchScreen.storyboard; sourceTree = "<group>"; };
		4C5C33831D35594B00FF4387 /* Info.plist */ = {isa = PBXFileReference; lastKnownFileType = text.plist.xml; path = Info.plist; sourceTree = "<group>"; };
		4C6527041D467D9900616324 /* newColorPacketViewController.swift */ = {isa = PBXFileReference; fileEncoding = 4; lastKnownFileType = sourcecode.swift; path = newColorPacketViewController.swift; sourceTree = "<group>"; };
		4C65270C1D47E87900616324 /* SecondTableViewController.swift */ = {isa = PBXFileReference; fileEncoding = 4; lastKnownFileType = sourcecode.swift; path = SecondTableViewController.swift; sourceTree = "<group>"; };
		4C65270E1D47FCCF00616324 /* ColorsTableViewController.swift */ = {isa = PBXFileReference; fileEncoding = 4; lastKnownFileType = sourcecode.swift; path = ColorsTableViewController.swift; sourceTree = "<group>"; };
		4C6527101D48196100616324 /* AddColorToCurrentPacket.swift */ = {isa = PBXFileReference; fileEncoding = 4; lastKnownFileType = sourcecode.swift; path = AddColorToCurrentPacket.swift; sourceTree = "<group>"; };
		4CAC67041D36E6A900FE51D5 /* TableViewController.swift */ = {isa = PBXFileReference; fileEncoding = 4; lastKnownFileType = sourcecode.swift; path = TableViewController.swift; sourceTree = "<group>"; };
/* End PBXFileReference section */

/* Begin PBXFrameworksBuildPhase section */
		4C5C33711D35594B00FF4387 /* Frameworks */ = {
			isa = PBXFrameworksBuildPhase;
			buildActionMask = 2147483647;
			files = (
			);
			runOnlyForDeploymentPostprocessing = 0;
		};
/* End PBXFrameworksBuildPhase section */

/* Begin PBXGroup section */
		4C5C336B1D35594B00FF4387 = {
			isa = PBXGroup;
			children = (
				4C5C33761D35594B00FF4387 /* NightLight */,
				4C5C33751D35594B00FF4387 /* Products */,
			);
			sourceTree = "<group>";
		};
		4C5C33751D35594B00FF4387 /* Products */ = {
			isa = PBXGroup;
			children = (
				4C5C33741D35594B00FF4387 /* NightLight.app */,
			);
			name = Products;
			sourceTree = "<group>";
		};
		4C5C33761D35594B00FF4387 /* NightLight */ = {
			isa = PBXGroup;
			children = (
				4C5C33771D35594B00FF4387 /* AppDelegate.swift */,
				4C5C33791D35594B00FF4387 /* ViewController.swift */,
				4CAC67041D36E6A900FE51D5 /* TableViewController.swift */,
				4C57527C1D3D61A3009FB404 /* SettingsView.swift */,
				4C65270C1D47E87900616324 /* SecondTableViewController.swift */,
				4C65270E1D47FCCF00616324 /* ColorsTableViewController.swift */,
				4C6527101D48196100616324 /* AddColorToCurrentPacket.swift */,
				4C5C337B1D35594B00FF4387 /* Main.storyboard */,
				4C6527041D467D9900616324 /* newColorPacketViewController.swift */,
				4C5C337E1D35594B00FF4387 /* Assets.xcassets */,
				4C5C33801D35594B00FF4387 /* LaunchScreen.storyboard */,
				4C5C33831D35594B00FF4387 /* Info.plist */,
			);
			path = NightLight;
			sourceTree = "<group>";
		};
/* End PBXGroup section */

/* Begin PBXNativeTarget section */
		4C5C33731D35594B00FF4387 /* NightLight */ = {
			isa = PBXNativeTarget;
			buildConfigurationList = 4C5C33861D35594B00FF4387 /* Build configuration list for PBXNativeTarget "NightLight" */;
			buildPhases = (
				4C5C33701D35594B00FF4387 /* Sources */,
				4C5C33711D35594B00FF4387 /* Frameworks */,
				4C5C33721D35594B00FF4387 /* Resources */,
			);
			buildRules = (
			);
			dependencies = (
			);
			name = NightLight;
			productName = NightLight;
			productReference = 4C5C33741D35594B00FF4387 /* NightLight.app */;
			productType = "com.apple.product-type.application";
		};
/* End PBXNativeTarget section */

/* Begin PBXProject section */
		4C5C336C1D35594B00FF4387 /* Project object */ = {
			isa = PBXProject;
			attributes = {
				LastUpgradeCheck = 0700;
				ORGANIZATIONNAME = Supericore;
				TargetAttributes = {
					4C5C33731D35594B00FF4387 = {
						CreatedOnToolsVersion = 7.0;
					};
				};
			};
			buildConfigurationList = 4C5C336F1D35594B00FF4387 /* Build configuration list for PBXProject "NightLight" */;
			compatibilityVersion = "Xcode 3.2";
			developmentRegion = English;
			hasScannedForEncodings = 0;
			knownRegions = (
				en,
				Base,
			);
			mainGroup = 4C5C336B1D35594B00FF4387;
			productRefGroup = 4C5C33751D35594B00FF4387 /* Products */;
			projectDirPath = "";
			projectRoot = "";
			targets = (
				4C5C33731D35594B00FF4387 /* NightLight */,
			);
		};
/* End PBXProject section */

/* Begin PBXResourcesBuildPhase section */
		4C5C33721D35594B00FF4387 /* Resources */ = {
			isa = PBXResourcesBuildPhase;
			buildActionMask = 2147483647;
			files = (
				4C5C33821D35594B00FF4387 /* LaunchScreen.storyboard in Resources */,
				4C5C337F1D35594B00FF4387 /* Assets.xcassets in Resources */,
				4C5C337D1D35594B00FF4387 /* Main.storyboard in Resources */,
			);
			runOnlyForDeploymentPostprocessing = 0;
		};
/* End PBXResourcesBuildPhase section */

/* Begin PBXSourcesBuildPhase section */
		4C5C33701D35594B00FF4387 /* Sources */ = {
			isa = PBXSourcesBuildPhase;
			buildActionMask = 2147483647;
			files = (
				4C5C337A1D35594B00FF4387 /* ViewController.swift in Sources */,
				4C65270D1D47E87900616324 /* SecondTableViewController.swift in Sources */,
				4C65270F1D47FCCF00616324 /* ColorsTableViewController.swift in Sources */,
				4C57527D1D3D61A3009FB404 /* SettingsView.swift in Sources */,
				4C6527051D467D9900616324 /* newColorPacketViewController.swift in Sources */,
				4CAC67051D36E6A900FE51D5 /* TableViewController.swift in Sources */,
				4C6527111D48196100616324 /* AddColorToCurrentPacket.swift in Sources */,
				4C5C33781D35594B00FF4387 /* AppDelegate.swift in Sources */,
			);
			runOnlyForDeploymentPostprocessing = 0;
		};
/* End PBXSourcesBuildPhase section */

/* Begin PBXVariantGroup section */
		4C5C337B1D35594B00FF4387 /* Main.storyboard */ = {
			isa = PBXVariantGroup;
			children = (
				4C5C337C1D35594B00FF4387 /* Base */,
			);
			name = Main.storyboard;
			sourceTree = "<group>";
		};
		4C5C33801D35594B00FF4387 /* LaunchScreen.storyboard */ = {
			isa = PBXVariantGroup;
			children = (
				4C5C33811D35594B00FF4387 /* Base */,
			);
			name = LaunchScreen.storyboard;
			sourceTree = "<group>";
		};
/* End PBXVariantGroup section */

/* Begin XCBuildConfiguration section */
		4C5C33841D35594B00FF4387 /* Debug */ = {
			isa = XCBuildConfiguration;
			buildSettings = {
				ALWAYS_SEARCH_USER_PATHS = NO;
				CLANG_CXX_LANGUAGE_STANDARD = "gnu++0x";
				CLANG_CXX_LIBRARY = "libc++";
				CLANG_ENABLE_MODULES = YES;
				CLANG_ENABLE_OBJC_ARC = YES;
				CLANG_WARN_BOOL_CONVERSION = YES;
				CLANG_WARN_CONSTANT_CONVERSION = YES;
				CLANG_WARN_DIRECT_OBJC_ISA_USAGE = YES_ERROR;
				CLANG_WARN_EMPTY_BODY = YES;
				CLANG_WARN_ENUM_CONVERSION = YES;
				CLANG_WARN_INT_CONVERSION = YES;
				CLANG_WARN_OBJC_ROOT_CLASS = YES_ERROR;
				CLANG_WARN_UNREACHABLE_CODE = YES;
				CLANG_WARN__DUPLICATE_METHOD_MATCH = YES;
				"CODE_SIGN_IDENTITY[sdk=iphoneos*]" = "iPhone Developer";
				COPY_PHASE_STRIP = NO;
				DEBUG_INFORMATION_FORMAT = dwarf;
				ENABLE_STRICT_OBJC_MSGSEND = YES;
				ENABLE_TESTABILITY = YES;
				GCC_C_LANGUAGE_STANDARD = gnu99;
				GCC_DYNAMIC_NO_PIC = NO;
				GCC_NO_COMMON_BLOCKS = YES;
				GCC_OPTIMIZATION_LEVEL = 0;
				GCC_PREPROCESSOR_DEFINITIONS = (
					"DEBUG=1",
					"$(inherited)",
				);
				GCC_WARN_64_TO_32_BIT_CONVERSION = YES;
				GCC_WARN_ABOUT_RETURN_TYPE = YES_ERROR;
				GCC_WARN_UNDECLARED_SELECTOR = YES;
				GCC_WARN_UNINITIALIZED_AUTOS = YES_AGGRESSIVE;
				GCC_WARN_UNUSED_FUNCTION = YES;
				GCC_WARN_UNUSED_VARIABLE = YES;
				IPHONEOS_DEPLOYMENT_TARGET = 9.0;
				MTL_ENABLE_DEBUG_INFO = YES;
				ONLY_ACTIVE_ARCH = YES;
				SDKROOT = iphoneos;
				SWIFT_OPTIMIZATION_LEVEL = "-Onone";
			};
			name = Debug;
		};
		4C5C33851D35594B00FF4387 /* Release */ = {
			isa = XCBuildConfiguration;
			buildSettings = {
				ALWAYS_SEARCH_USER_PATHS = NO;
				CLANG_CXX_LANGUAGE_STANDARD = "gnu++0x";
				CLANG_CXX_LIBRARY = "libc++";
				CLANG_ENABLE_MODULES = YES;
				CLANG_ENABLE_OBJC_ARC = YES;
				CLANG_WARN_BOOL_CONVERSION = YES;
				CLANG_WARN_CONSTANT_CONVERSION = YES;
				CLANG_WARN_DIRECT_OBJC_ISA_USAGE = YES_ERROR;
				CLANG_WARN_EMPTY_BODY = YES;
				CLANG_WARN_ENUM_CONVERSION = YES;
				CLANG_WARN_INT_CONVERSION = YES;
				CLANG_WARN_OBJC_ROOT_CLASS = YES_ERROR;
				CLANG_WARN_UNREACHABLE_CODE = YES;
				CLANG_WARN__DUPLICATE_METHOD_MATCH = YES;
				"CODE_SIGN_IDENTITY[sdk=iphoneos*]" = "iPhone Developer";
				COPY_PHASE_STRIP = NO;
				DEBUG_INFORMATION_FORMAT = "dwarf-with-dsym";
				ENABLE_NS_ASSERTIONS = NO;
				ENABLE_STRICT_OBJC_MSGSEND = YES;
				GCC_C_LANGUAGE_STANDARD = gnu99;
				GCC_NO_COMMON_BLOCKS = YES;
				GCC_WARN_64_TO_32_BIT_CONVERSION = YES;
				GCC_WARN_ABOUT_RETURN_TYPE = YES_ERROR;
				GCC_WARN_UNDECLARED_SELECTOR = YES;
				GCC_WARN_UNINITIALIZED_AUTOS = YES_AGGRESSIVE;
				GCC_WARN_UNUSED_FUNCTION = YES;
				GCC_WARN_UNUSED_VARIABLE = YES;
				IPHONEOS_DEPLOYMENT_TARGET = 9.0;
				MTL_ENABLE_DEBUG_INFO = NO;
				SDKROOT = iphoneos;
				VALIDATE_PRODUCT = YES;
			};
			name = Release;
		};
		4C5C33871D35594B00FF4387 /* Debug */ = {
			isa = XCBuildConfiguration;
			buildSettings = {
				ASSETCATALOG_COMPILER_APPICON_NAME = AppIcon;
				INFOPLIST_FILE = NightLight/Info.plist;
				LD_RUNPATH_SEARCH_PATHS = "$(inherited) @executable_path/Frameworks";
				PRODUCT_BUNDLE_IDENTIFIER = com.Supericore.NightLight;
				PRODUCT_NAME = "$(TARGET_NAME)";
			};
			name = Debug;
		};
		4C5C33881D35594B00FF4387 /* Release */ = {
			isa = XCBuildConfiguration;
			buildSettings = {
				ASSETCATALOG_COMPILER_APPICON_NAME = AppIcon;
				INFOPLIST_FILE = NightLight/Info.plist;
				LD_RUNPATH_SEARCH_PATHS = "$(inherited) @executable_path/Frameworks";
				PRODUCT_BUNDLE_IDENTIFIER = com.Supericore.NightLight;
				PRODUCT_NAME = "$(TARGET_NAME)";
			};
			name = Release;
		};
/* End XCBuildConfiguration section */

/* Begin XCConfigurationList section */
		4C5C336F1D35594B00FF4387 /* Build configuration list for PBXProject "NightLight" */ = {
			isa = XCConfigurationList;
			buildConfigurations = (
				4C5C33841D35594B00FF4387 /* Debug */,
				4C5C33851D35594B00FF4387 /* Release */,
			);
			defaultConfigurationIsVisible = 0;
			defaultConfigurationName = Release;
		};
		4C5C33861D35594B00FF4387 /* Build configuration list for PBXNativeTarget "NightLight" */ = {
			isa = XCConfigurationList;
			buildConfigurations = (
				4C5C33871D35594B00FF4387 /* Debug */,
				4C5C33881D35594B00FF4387 /* Release */,
			);
			defaultConfigurationIsVisible = 0;
			defaultConfigurationName = Release;
		};
/* End XCConfigurationList section */
	};
	rootObject = 4C5C336C1D35594B00FF4387 /* Project object */;
}
